# This file is generated by running "yarn install" inside your project.
# Manual changes might be lost - proceed with caution!

__metadata:
  version: 6
  cacheKey: 8

"postcss-color-contrast@workspace:.":
  version: 0.0.0-use.local
  resolution: "postcss-color-contrast@workspace:."
  dependencies:
    postcss-value-parser: ^4.2.0
  peerDependencies:
    postcss: "*"
  languageName: unknown
  linkType: soft

"postcss-value-parser@npm:^4.2.0":
  version: 4.2.0
  resolution: "postcss-value-parser@npm:4.2.0"
  checksum: 819ffab0c9d51cf0acbabf8996dffbfafbafa57afc0e4c98db88b67f2094cb44488758f06e5da95d7036f19556a4a732525e84289a425f4f6fd8e412a9d7442f
  languageName: node
  linkType: hard
